PODS:
  - JSONKit (1.5pre)
  - Reachability (3.1.1)
  - SVProgressHUD (0.9)

DEPENDENCIES:
  - JSONKit (~> 1.4)
  - Reachability (~> 3.0)
  - SVProgressHUD (= 0.9)

SPEC CHECKSUMS:
  JSONKit: efef3bbd3372ff33f96b9c6f34cf4fe18e74ab69
  Reachability: 8e9635e3cb4f98e7f825e51147f677ecc694d0e7
  SVProgressHUD: adf9def97327df88dee15e9ad8033fde6961f7b4

COCOAPODS: 0.33.1
