// !$*UTF8*$!
{
	archiveVersion = 1;
	classes = {
	};
	objectVersion = 46;
	objects = {

/* Begin PBXBuildFile section */
		271A7119190A3A5B00E055BD /* NSString+Utility.m in Sources */ = {isa = PBXBuildFile; fileRef = 271A7118190A3A5B00E055BD /* NSString+Utility.m */; };
		271A711C190A648700E055BD /* LSChoiceDetailViewController.m in Sources */ = {isa = PBXBuildFile; fileRef = 271A711B190A648700E055BD /* LSChoiceDetailViewController.m */; };
		271D2047191B6FFA00B51CF2 /* LSImageButton.m in Sources */ = {isa = PBXBuildFile; fileRef = 271D2046191B6FFA00B51CF2 /* LSImageButton.m */; };
		271D204E191B843800B51CF2 /* m_add@2x.png in Resources */ = {isa = PBXBuildFile; fileRef = 271D2048191B843800B51CF2 /* m_add@2x.png */; };
		271D204F191B843800B51CF2 /* m_fenxiang@2x.png in Resources */ = {isa = PBXBuildFile; fileRef = 271D2049191B843800B51CF2 /* m_fenxiang@2x.png */; };
		271D2050191B843800B51CF2 /* m_ping@2x.png in Resources */ = {isa = PBXBuildFile; fileRef = 271D204A191B843800B51CF2 /* m_ping@2x.png */; };
		271D2051191B843800B51CF2 /* m_s@2x.png in Resources */ = {isa = PBXBuildFile; fileRef = 271D204B191B843800B51CF2 /* m_s@2x.png */; };
		271D2052191B843800B51CF2 /* m_w@2x.png in Resources */ = {isa = PBXBuildFile; fileRef = 271D204C191B843800B51CF2 /* m_w@2x.png */; };
		271D2053191B843800B51CF2 /* m_ww@2x.png in Resources */ = {isa = PBXBuildFile; fileRef = 271D204D191B843800B51CF2 /* m_ww@2x.png */; };
		2749DFF31934811300FE7A59 /* message_new@2x.png in Resources */ = {isa = PBXBuildFile; fileRef = 2749DFF21934811300FE7A59 /* message_new@2x.png */; };
		274B14BF1933365000F5EE0D /* LSUserManager.m in Sources */ = {isa = PBXBuildFile; fileRef = 274B14BE1933365000F5EE0D /* LSUserManager.m */; };
		2753ED7618FA702000ED443F /* UIImage+Utility.m in Sources */ = {isa = PBXBuildFile; fileRef = 2753ED7518FA702000ED443F /* UIImage+Utility.m */; };
		2753ED7918FA828900ED443F /* LSLoginViewController.m in Sources */ = {isa = PBXBuildFile; fileRef = 2753ED7818FA828900ED443F /* LSLoginViewController.m */; };
		2760E2491904F1F1001F5205 /* LSPrivateSettingViewController.m in Sources */ = {isa = PBXBuildFile; fileRef = 2760E2481904F1F1001F5205 /* LSPrivateSettingViewController.m */; };
		277300191905FDA600D7C22C /* LSPrivateCommentViewController.m in Sources */ = {isa = PBXBuildFile; fileRef = 277300181905FDA600D7C22C /* LSPrivateCommentViewController.m */; };
		2773001B1906009C00D7C22C /* btn_red@2x.png in Resources */ = {isa = PBXBuildFile; fileRef = 2773001A1906009C00D7C22C /* btn_red@2x.png */; };
		2773001E19060FFF00D7C22C /* LSPrivateCollectionViewController.m in Sources */ = {isa = PBXBuildFile; fileRef = 2773001D19060FFF00D7C22C /* LSPrivateCollectionViewController.m */; };
		27810EC41935830E004F796B /* LSPrivateEditViewController.m in Sources */ = {isa = PBXBuildFile; fileRef = 27810EC31935830E004F796B /* LSPrivateEditViewController.m */; };
		278F1FC01908E78A003C0725 /* mj@2x.png in Resources */ = {isa = PBXBuildFile; fileRef = 278F1FBE1908E78A003C0725 /* mj@2x.png */; };
		278F1FC11908E78A003C0725 /* topBar@2x.png in Resources */ = {isa = PBXBuildFile; fileRef = 278F1FBF1908E78A003C0725 /* topBar@2x.png */; };
		27A8F84D18FB771900321F5A /* LSRegisterViewController.m in Sources */ = {isa = PBXBuildFile; fileRef = 27A8F84C18FB771900321F5A /* LSRegisterViewController.m */; };
		289C35AE8DEC43528B20CCDA /* libPods.a in Frameworks */ = {isa = PBXBuildFile; fileRef = E8B23067BA7A4A5CAA210325 /* libPods.a */; };
		C62F1CDB193FFF140060A807 /* LSWrapPracticeViewController.m in Sources */ = {isa = PBXBuildFile; fileRef = C62F1CDA193FFF140060A807 /* LSWrapPracticeViewController.m */; };
		C62F1CDE194013C60060A807 /* LSWrapInfoViewController.m in Sources */ = {isa = PBXBuildFile; fileRef = C62F1CDD194013C60060A807 /* LSWrapInfoViewController.m */; };
		C62F1CE119403AFF0060A807 /* LSCityViewController.m in Sources */ = {isa = PBXBuildFile; fileRef = C62F1CE019403AFF0060A807 /* LSCityViewController.m */; };
		C62F1CE419404D3D0060A807 /* LSFilterViewController.m in Sources */ = {isa = PBXBuildFile; fileRef = C62F1CE319404D3D0060A807 /* LSFilterViewController.m */; };
		C699B58B193F2901005C79B1 /* LSPracticeViewController.m in Sources */ = {isa = PBXBuildFile; fileRef = C699B58A193F2901005C79B1 /* LSPracticeViewController.m */; };
		CC42B5601902C9E400586176 /* LSPrivateChargeViewController.m in Sources */ = {isa = PBXBuildFile; fileRef = CC42B55F1902C9E400586176 /* LSPrivateChargeViewController.m */; };
		CC4614BB1905511D0082D96A /* LSMsgPushViewController.m in Sources */ = {isa = PBXBuildFile; fileRef = CC4614BA1905511D0082D96A /* LSMsgPushViewController.m */; };
		CC49FFD818F93AA8007E83F4 /* Foundation.framework in Frameworks */ = {isa = PBXBuildFile; fileRef = CC49FFD718F93AA8007E83F4 /* Foundation.framework */; };
		CC49FFDA18F93AA8007E83F4 /* CoreGraphics.framework in Frameworks */ = {isa = PBXBuildFile; fileRef = CC49FFD918F93AA8007E83F4 /* CoreGraphics.framework */; };
		CC49FFDC18F93AA8007E83F4 /* UIKit.framework in Frameworks */ = {isa = PBXBuildFile; fileRef = CC49FFDB18F93AA8007E83F4 /* UIKit.framework */; };
		CC49FFE218F93AA8007E83F4 /* InfoPlist.strings in Resources */ = {isa = PBXBuildFile; fileRef = CC49FFE018F93AA8007E83F4 /* InfoPlist.strings */; };
		CC49FFE418F93AA8007E83F4 /* main.m in Sources */ = {isa = PBXBuildFile; fileRef = CC49FFE318F93AA8007E83F4 /* main.m */; };
		CC49FFE818F93AA8007E83F4 /* LSAppDelegate.m in Sources */ = {isa = PBXBuildFile; fileRef = CC49FFE718F93AA8007E83F4 /* LSAppDelegate.m */; };
		CC49FFEA18F93AA8007E83F4 /* Images.xcassets in Resources */ = {isa = PBXBuildFile; fileRef = CC49FFE918F93AA8007E83F4 /* Images.xcassets */; };
		CC49FFF118F93AA8007E83F4 /* XCTest.framework in Frameworks */ = {isa = PBXBuildFile; fileRef = CC49FFF018F93AA8007E83F4 /* XCTest.framework */; };
		CC49FFF218F93AA8007E83F4 /* Foundation.framework in Frameworks */ = {isa = PBXBuildFile; fileRef = CC49FFD718F93AA8007E83F4 /* Foundation.framework */; };
		CC49FFF318F93AA8007E83F4 /* UIKit.framework in Frameworks */ = {isa = PBXBuildFile; fileRef = CC49FFDB18F93AA8007E83F4 /* UIKit.framework */; };
		CC49FFFB18F93AA8007E83F4 /* InfoPlist.strings in Resources */ = {isa = PBXBuildFile; fileRef = CC49FFF918F93AA8007E83F4 /* InfoPlist.strings */; };
		CC49FFFD18F93AA8007E83F4 /* ___Tests.m in Sources */ = {isa = PBXBuildFile; fileRef = CC49FFFC18F93AA8007E83F4 /* ___Tests.m */; };
		CC641D1C190699640073F8D5 /* LSCourseSelectMainViewController.m in Sources */ = {isa = PBXBuildFile; fileRef = CC641D1B190699640073F8D5 /* LSCourseSelectMainViewController.m */; };
		CC844E781944409B0018DD69 /* LSPrivateFeedbackViewController.m in Sources */ = {isa = PBXBuildFile; fileRef = CC844E771944409B0018DD69 /* LSPrivateFeedbackViewController.m */; };
		CC844E7B194496140018DD69 /* LSPrivateErrorDBViewController.m in Sources */ = {isa = PBXBuildFile; fileRef = CC844E7A194496140018DD69 /* LSPrivateErrorDBViewController.m */; };
		CC8A46681940AA2B00B05E09 /* LSMsgDetailViewController.m in Sources */ = {isa = PBXBuildFile; fileRef = CC8A46671940AA2B00B05E09 /* LSMsgDetailViewController.m */; };
		CC9A633E1901529A00103000 /* back_button@2x.png in Resources */ = {isa = PBXBuildFile; fileRef = CC9A63321901529A00103000 /* back_button@2x.png */; };
		CC9A633F1901529A00103000 /* home_button@2x.png in Resources */ = {isa = PBXBuildFile; fileRef = CC9A63331901529A00103000 /* home_button@2x.png */; };
		CC9A63401901529A00103000 /* index_a@2x.png in Resources */ = {isa = PBXBuildFile; fileRef = CC9A63341901529A00103000 /* index_a@2x.png */; };
		CC9A63411901529A00103000 /* index_aa@2x.png in Resources */ = {isa = PBXBuildFile; fileRef = CC9A63351901529A00103000 /* index_aa@2x.png */; };
		CC9A63421901529A00103000 /* index_b@2x.png in Resources */ = {isa = PBXBuildFile; fileRef = CC9A63361901529A00103000 /* index_b@2x.png */; };
		CC9A63431901529A00103000 /* index_bb@2x.png in Resources */ = {isa = PBXBuildFile; fileRef = CC9A63371901529A00103000 /* index_bb@2x.png */; };
		CC9A63441901529A00103000 /* index_c@2x.png in Resources */ = {isa = PBXBuildFile; fileRef = CC9A63381901529A00103000 /* index_c@2x.png */; };
		CC9A63451901529A00103000 /* index_d@2x.png in Resources */ = {isa = PBXBuildFile; fileRef = CC9A63391901529A00103000 /* index_d@2x.png */; };
		CC9A63461901529A00103000 /* index_e@2x.png in Resources */ = {isa = PBXBuildFile; fileRef = CC9A633A1901529A00103000 /* index_e@2x.png */; };
		CC9A63471901529A00103000 /* index_f@2x.png in Resources */ = {isa = PBXBuildFile; fileRef = CC9A633B1901529A00103000 /* index_f@2x.png */; };
		CC9A63481901529A00103000 /* index_msg@2x.png in Resources */ = {isa = PBXBuildFile; fileRef = CC9A633C1901529A00103000 /* index_msg@2x.png */; };
		CC9A63491901529A00103000 /* index_topr@2x.png in Resources */ = {isa = PBXBuildFile; fileRef = CC9A633D1901529A00103000 /* index_topr@2x.png */; };
		CCB3BA681902200C00CC1849 /* LSPrivateCenterViewController.m in Sources */ = {isa = PBXBuildFile; fileRef = CCB3BA671902200C00CC1849 /* LSPrivateCenterViewController.m */; };
		CCB3BA6C190222F400CC1849 /* chongzhi@2x.png in Resources */ = {isa = PBXBuildFile; fileRef = CCB3BA6A190222F400CC1849 /* chongzhi@2x.png */; };
		CCB3BA6D190222F400CC1849 /* default_header@2x.jpg in Resources */ = {isa = PBXBuildFile; fileRef = CCB3BA6B190222F400CC1849 /* default_header@2x.jpg */; };
		CCC0897E1907EBB900C9B9ED /* LSChoiceListViewController.m in Sources */ = {isa = PBXBuildFile; fileRef = CCC0897D1907EBB900C9B9ED /* LSChoiceListViewController.m */; };
		CCC3D72B18F95209009CC532 /* LSMainViewController.m in Sources */ = {isa = PBXBuildFile; fileRef = CCC3D72A18F95209009CC532 /* LSMainViewController.m */; };
		CCC3D72E18F98002009CC532 /* LSMainItemsView.m in Sources */ = {isa = PBXBuildFile; fileRef = CCC3D72D18F98002009CC532 /* LSMainItemsView.m */; };
		CCCE5A41190D33D10057FBFC /* LSCourseRecommendViewController.m in Sources */ = {isa = PBXBuildFile; fileRef = CCCE5A40190D33D10057FBFC /* LSCourseRecommendViewController.m */; };
		CCCE5A45190D35A00057FBFC /* tabbg_off@2x.png in Resources */ = {isa = PBXBuildFile; fileRef = CCCE5A43190D35A00057FBFC /* tabbg_off@2x.png */; };
		CCCE5A46190D35A00057FBFC /* tabbg_on@2x.png in Resources */ = {isa = PBXBuildFile; fileRef = CCCE5A44190D35A00057FBFC /* tabbg_on@2x.png */; };
		CCCE5A4C190D47C40057FBFC /* LSTabBar.m in Sources */ = {isa = PBXBuildFile; fileRef = CCCE5A4B190D47C40057FBFC /* LSTabBar.m */; };
		CCD00D0E1941FD990033637D /* LSSheetNotify.m in Sources */ = {isa = PBXBuildFile; fileRef = CCD00D0D1941FD990033637D /* LSSheetNotify.m */; };
		CCD6AE1618F99D7B004D758F /* LSMainAdScrollView.m in Sources */ = {isa = PBXBuildFile; fileRef = CCD6AE1518F99D7B004D758F /* LSMainAdScrollView.m */; };
		CCE619E5190401D40087B199 /* my_img_upload@2x.png in Resources */ = {isa = PBXBuildFile; fileRef = CCE619E3190401D40087B199 /* my_img_upload@2x.png */; };
		CCE619E6190401D40087B199 /* my_logout@2x.png in Resources */ = {isa = PBXBuildFile; fileRef = CCE619E4190401D40087B199 /* my_logout@2x.png */; };
		CCE619E9190402730087B199 /* LSPrivateInfoViewController.m in Sources */ = {isa = PBXBuildFile; fileRef = CCE619E8190402730087B199 /* LSPrivateInfoViewController.m */; };
/* End PBXBuildFile section */

/* Begin PBXContainerItemProxy section */
		CC49FFF418F93AA8007E83F4 /* PBXContainerItemProxy */ = {
			isa = PBXContainerItemProxy;
			containerPortal = CC49FFCC18F93AA8007E83F4 /* Project object */;
			proxyType = 1;
			remoteGlobalIDString = CC49FFD318F93AA8007E83F4;
			remoteInfo = "金标尺";
		};
/* End PBXContainerItemProxy section */

/* Begin PBXFileReference section */
		271A7117190A3A5B00E055BD /* NSString+Utility.h */ = {isa = PBXFileReference; fileEncoding = 4; lastKnownFileType = sourcecode.c.h; path = "NSString+Utility.h"; sourceTree = "<group>"; };
		271A7118190A3A5B00E055BD /* NSString+Utility.m */ = {isa = PBXFileReference; fileEncoding = 4; lastKnownFileType = sourcecode.c.objc; path = "NSString+Utility.m"; sourceTree = "<group>"; };
		271A711A190A648700E055BD /* LSChoiceDetailViewController.h */ = {isa = PBXFileReference; fileEncoding = 4; lastKnownFileType = sourcecode.c.h; path = LSChoiceDetailViewController.h; sourceTree = "<group>"; };
		271A711B190A648700E055BD /* LSChoiceDetailViewController.m */ = {isa = PBXFileReference; fileEncoding = 4; lastKnownFileType = sourcecode.c.objc; path = LSChoiceDetailViewController.m; sourceTree = "<group>"; };
		271D2045191B6FFA00B51CF2 /* LSImageButton.h */ = {isa = PBXFileReference; fileEncoding = 4; lastKnownFileType = sourcecode.c.h; path = LSImageButton.h; sourceTree = "<group>"; };
		271D2046191B6FFA00B51CF2 /* LSImageButton.m */ = {isa = PBXFileReference; fileEncoding = 4; lastKnownFileType = sourcecode.c.objc; path = LSImageButton.m; sourceTree = "<group>"; };
		271D2048191B843800B51CF2 /* m_add@2x.png */ = {isa = PBXFileReference; lastKnownFileType = image.png; path = "m_add@2x.png"; sourceTree = "<group>"; };
		271D2049191B843800B51CF2 /* m_fenxiang@2x.png */ = {isa = PBXFileReference; lastKnownFileType = image.png; path = "m_fenxiang@2x.png"; sourceTree = "<group>"; };
		271D204A191B843800B51CF2 /* m_ping@2x.png */ = {isa = PBXFileReference; lastKnownFileType = image.png; path = "m_ping@2x.png"; sourceTree = "<group>"; };
		271D204B191B843800B51CF2 /* m_s@2x.png */ = {isa = PBXFileReference; lastKnownFileType = image.png; path = "m_s@2x.png"; sourceTree = "<group>"; };
		271D204C191B843800B51CF2 /* m_w@2x.png */ = {isa = PBXFileReference; lastKnownFileType = image.png; path = "m_w@2x.png"; sourceTree = "<group>"; };
		271D204D191B843800B51CF2 /* m_ww@2x.png */ = {isa = PBXFileReference; lastKnownFileType = image.png; path = "m_ww@2x.png"; sourceTree = "<group>"; };
		2749DFF21934811300FE7A59 /* message_new@2x.png */ = {isa = PBXFileReference; lastKnownFileType = image.png; path = "message_new@2x.png"; sourceTree = "<group>"; };
		274B14BD1933365000F5EE0D /* LSUserManager.h */ = {isa = PBXFileReference; fileEncoding = 4; lastKnownFileType = sourcecode.c.h; path = LSUserManager.h; sourceTree = "<group>"; };
		274B14BE1933365000F5EE0D /* LSUserManager.m */ = {isa = PBXFileReference; fileEncoding = 4; lastKnownFileType = sourcecode.c.objc; path = LSUserManager.m; sourceTree = "<group>"; };
		2753ED7418FA702000ED443F /* UIImage+Utility.h */ = {isa = PBXFileReference; fileEncoding = 4; lastKnownFileType = sourcecode.c.h; path = "UIImage+Utility.h"; sourceTree = "<group>"; };
		2753ED7518FA702000ED443F /* UIImage+Utility.m */ = {isa = PBXFileReference; fileEncoding = 4; lastKnownFileType = sourcecode.c.objc; path = "UIImage+Utility.m"; sourceTree = "<group>"; };
		2753ED7718FA828900ED443F /* LSLoginViewController.h */ = {isa = PBXFileReference; fileEncoding = 4; lastKnownFileType = sourcecode.c.h; path = LSLoginViewController.h; sourceTree = "<group>"; };
		2753ED7818FA828900ED443F /* LSLoginViewController.m */ = {isa = PBXFileReference; fileEncoding = 4; lastKnownFileType = sourcecode.c.objc; path = LSLoginViewController.m; sourceTree = "<group>"; };
		2760E2471904F1F1001F5205 /* LSPrivateSettingViewController.h */ = {isa = PBXFileReference; fileEncoding = 4; lastKnownFileType = sourcecode.c.h; path = LSPrivateSettingViewController.h; sourceTree = "<group>"; };
		2760E2481904F1F1001F5205 /* LSPrivateSettingViewController.m */ = {isa = PBXFileReference; fileEncoding = 4; lastKnownFileType = sourcecode.c.objc; path = LSPrivateSettingViewController.m; sourceTree = "<group>"; };
		277300171905FDA600D7C22C /* LSPrivateCommentViewController.h */ = {isa = PBXFileReference; fileEncoding = 4; lastKnownFileType = sourcecode.c.h; path = LSPrivateCommentViewController.h; sourceTree = "<group>"; };
		277300181905FDA600D7C22C /* LSPrivateCommentViewController.m */ = {isa = PBXFileReference; fileEncoding = 4; lastKnownFileType = sourcecode.c.objc; path = LSPrivateCommentViewController.m; sourceTree = "<group>"; };
		2773001A1906009C00D7C22C /* btn_red@2x.png */ = {isa = PBXFileReference; lastKnownFileType = image.png; path = "btn_red@2x.png"; sourceTree = "<group>"; };
		2773001C19060FFF00D7C22C /* LSPrivateCollectionViewController.h */ = {isa = PBXFileReference; fileEncoding = 4; lastKnownFileType = sourcecode.c.h; path = LSPrivateCollectionViewController.h; sourceTree = "<group>"; };
		2773001D19060FFF00D7C22C /* LSPrivateCollectionViewController.m */ = {isa = PBXFileReference; fileEncoding = 4; lastKnownFileType = sourcecode.c.objc; path = LSPrivateCollectionViewController.m; sourceTree = "<group>"; };
		27810EC21935830E004F796B /* LSPrivateEditViewController.h */ = {isa = PBXFileReference; fileEncoding = 4; lastKnownFileType = sourcecode.c.h; path = LSPrivateEditViewController.h; sourceTree = "<group>"; };
		27810EC31935830E004F796B /* LSPrivateEditViewController.m */ = {isa = PBXFileReference; fileEncoding = 4; lastKnownFileType = sourcecode.c.objc; path = LSPrivateEditViewController.m; sourceTree = "<group>"; };
		278F1FBE1908E78A003C0725 /* mj@2x.png */ = {isa = PBXFileReference; lastKnownFileType = image.png; path = "mj@2x.png"; sourceTree = "<group>"; };
		278F1FBF1908E78A003C0725 /* topBar@2x.png */ = {isa = PBXFileReference; lastKnownFileType = image.png; path = "topBar@2x.png"; sourceTree = "<group>"; };
		27A8F84B18FB771900321F5A /* LSRegisterViewController.h */ = {isa = PBXFileReference; fileEncoding = 4; lastKnownFileType = sourcecode.c.h; path = LSRegisterViewController.h; sourceTree = "<group>"; };
		27A8F84C18FB771900321F5A /* LSRegisterViewController.m */ = {isa = PBXFileReference; fileEncoding = 4; lastKnownFileType = sourcecode.c.objc; path = LSRegisterViewController.m; sourceTree = "<group>"; };
		C62F1CD9193FFF140060A807 /* LSWrapPracticeViewController.h */ = {isa = PBXFileReference; fileEncoding = 4; lastKnownFileType = sourcecode.c.h; path = LSWrapPracticeViewController.h; sourceTree = "<group>"; };
		C62F1CDA193FFF140060A807 /* LSWrapPracticeViewController.m */ = {isa = PBXFileReference; fileEncoding = 4; lastKnownFileType = sourcecode.c.objc; path = LSWrapPracticeViewController.m; sourceTree = "<group>"; };
		C62F1CDC194013C60060A807 /* LSWrapInfoViewController.h */ = {isa = PBXFileReference; fileEncoding = 4; lastKnownFileType = sourcecode.c.h; path = LSWrapInfoViewController.h; sourceTree = "<group>"; };
		C62F1CDD194013C60060A807 /* LSWrapInfoViewController.m */ = {isa = PBXFileReference; fileEncoding = 4; lastKnownFileType = sourcecode.c.objc; path = LSWrapInfoViewController.m; sourceTree = "<group>"; };
		C62F1CDF19403AFF0060A807 /* LSCityViewController.h */ = {isa = PBXFileReference; fileEncoding = 4; lastKnownFileType = sourcecode.c.h; path = LSCityViewController.h; sourceTree = "<group>"; };
		C62F1CE019403AFF0060A807 /* LSCityViewController.m */ = {isa = PBXFileReference; fileEncoding = 4; lastKnownFileType = sourcecode.c.objc; path = LSCityViewController.m; sourceTree = "<group>"; };
		C62F1CE219404D3D0060A807 /* LSFilterViewController.h */ = {isa = PBXFileReference; fileEncoding = 4; lastKnownFileType = sourcecode.c.h; path = LSFilterViewController.h; sourceTree = "<group>"; };
		C62F1CE319404D3D0060A807 /* LSFilterViewController.m */ = {isa = PBXFileReference; fileEncoding = 4; lastKnownFileType = sourcecode.c.objc; path = LSFilterViewController.m; sourceTree = "<group>"; };
		C699B589193F2901005C79B1 /* LSPracticeViewController.h */ = {isa = PBXFileReference; fileEncoding = 4; lastKnownFileType = sourcecode.c.h; path = LSPracticeViewController.h; sourceTree = "<group>"; };
		C699B58A193F2901005C79B1 /* LSPracticeViewController.m */ = {isa = PBXFileReference; fileEncoding = 4; lastKnownFileType = sourcecode.c.objc; path = LSPracticeViewController.m; sourceTree = "<group>"; };
		CBFC92C476324DABBC89C00C /* Pods.xcconfig */ = {isa = PBXFileReference; includeInIndex = 1; lastKnownFileType = text.xcconfig; name = Pods.xcconfig; path = Pods/Pods.xcconfig; sourceTree = "<group>"; };
		CC42B55E1902C9E400586176 /* LSPrivateChargeViewController.h */ = {isa = PBXFileReference; fileEncoding = 4; lastKnownFileType = sourcecode.c.h; path = LSPrivateChargeViewController.h; sourceTree = "<group>"; };
		CC42B55F1902C9E400586176 /* LSPrivateChargeViewController.m */ = {isa = PBXFileReference; fileEncoding = 4; lastKnownFileType = sourcecode.c.objc; path = LSPrivateChargeViewController.m; sourceTree = "<group>"; };
		CC4614B91905511D0082D96A /* LSMsgPushViewController.h */ = {isa = PBXFileReference; fileEncoding = 4; lastKnownFileType = sourcecode.c.h; path = LSMsgPushViewController.h; sourceTree = "<group>"; };
		CC4614BA1905511D0082D96A /* LSMsgPushViewController.m */ = {isa = PBXFileReference; fileEncoding = 4; lastKnownFileType = sourcecode.c.objc; path = LSMsgPushViewController.m; sourceTree = "<group>"; };
		CC49FFD418F93AA8007E83F4 /* 金标尺.app */ = {isa = PBXFileReference; explicitFileType = wrapper.application; includeInIndex = 0; path = "金标尺.app"; sourceTree = BUILT_PRODUCTS_DIR; };
		CC49FFD718F93AA8007E83F4 /* Foundation.framework */ = {isa = PBXFileReference; lastKnownFileType = wrapper.framework; name = Foundation.framework; path = System/Library/Frameworks/Foundation.framework; sourceTree = SDKROOT; };
		CC49FFD918F93AA8007E83F4 /* CoreGraphics.framework */ = {isa = PBXFileReference; lastKnownFileType = wrapper.framework; name = CoreGraphics.framework; path = System/Library/Frameworks/CoreGraphics.framework; sourceTree = SDKROOT; };
		CC49FFDB18F93AA8007E83F4 /* UIKit.framework */ = {isa = PBXFileReference; lastKnownFileType = wrapper.framework; name = UIKit.framework; path = System/Library/Frameworks/UIKit.framework; sourceTree = SDKROOT; };
		CC49FFDF18F93AA8007E83F4 /* 金标尺-Info.plist */ = {isa = PBXFileReference; lastKnownFileType = text.plist.xml; path = "金标尺-Info.plist"; sourceTree = "<group>"; };
		CC49FFE118F93AA8007E83F4 /* en */ = {isa = PBXFileReference; lastKnownFileType = text.plist.strings; name = en; path = en.lproj/InfoPlist.strings; sourceTree = "<group>"; };
		CC49FFE318F93AA8007E83F4 /* main.m */ = {isa = PBXFileReference; lastKnownFileType = sourcecode.c.objc; path = main.m; sourceTree = "<group>"; };
		CC49FFE518F93AA8007E83F4 /* 金标尺-Prefix.pch */ = {isa = PBXFileReference; lastKnownFileType = sourcecode.c.h; path = "金标尺-Prefix.pch"; sourceTree = "<group>"; };
		CC49FFE618F93AA8007E83F4 /* LSAppDelegate.h */ = {isa = PBXFileReference; lastKnownFileType = sourcecode.c.h; path = LSAppDelegate.h; sourceTree = "<group>"; };
		CC49FFE718F93AA8007E83F4 /* LSAppDelegate.m */ = {isa = PBXFileReference; lastKnownFileType = sourcecode.c.objc; path = LSAppDelegate.m; sourceTree = "<group>"; };
		CC49FFE918F93AA8007E83F4 /* Images.xcassets */ = {isa = PBXFileReference; lastKnownFileType = folder.assetcatalog; path = Images.xcassets; sourceTree = "<group>"; };
		CC49FFEF18F93AA8007E83F4 /* 金标尺Tests.xctest */ = {isa = PBXFileReference; explicitFileType = wrapper.cfbundle; includeInIndex = 0; path = "金标尺Tests.xctest"; sourceTree = BUILT_PRODUCTS_DIR; };
		CC49FFF018F93AA8007E83F4 /* XCTest.framework */ = {isa = PBXFileReference; lastKnownFileType = wrapper.framework; name = XCTest.framework; path = Library/Frameworks/XCTest.framework; sourceTree = DEVELOPER_DIR; };
		CC49FFF818F93AA8007E83F4 /* 金标尺Tests-Info.plist */ = {isa = PBXFileReference; lastKnownFileType = text.plist.xml; path = "金标尺Tests-Info.plist"; sourceTree = "<group>"; };
		CC49FFFA18F93AA8007E83F4 /* en */ = {isa = PBXFileReference; lastKnownFileType = text.plist.strings; name = en; path = en.lproj/InfoPlist.strings; sourceTree = "<group>"; };
		CC49FFFC18F93AA8007E83F4 /* ___Tests.m */ = {isa = PBXFileReference; lastKnownFileType = sourcecode.c.objc; path = "___Tests.m"; sourceTree = "<group>"; };
		CC641D1A190699640073F8D5 /* LSCourseSelectMainViewController.h */ = {isa = PBXFileReference; fileEncoding = 4; lastKnownFileType = sourcecode.c.h; path = LSCourseSelectMainViewController.h; sourceTree = "<group>"; };
		CC641D1B190699640073F8D5 /* LSCourseSelectMainViewController.m */ = {isa = PBXFileReference; fileEncoding = 4; lastKnownFileType = sourcecode.c.objc; path = LSCourseSelectMainViewController.m; sourceTree = "<group>"; };
		CC844E761944409B0018DD69 /* LSPrivateFeedbackViewController.h */ = {isa = PBXFileReference; fileEncoding = 4; lastKnownFileType = sourcecode.c.h; path = LSPrivateFeedbackViewController.h; sourceTree = "<group>"; };
		CC844E771944409B0018DD69 /* LSPrivateFeedbackViewController.m */ = {isa = PBXFileReference; fileEncoding = 4; lastKnownFileType = sourcecode.c.objc; path = LSPrivateFeedbackViewController.m; sourceTree = "<group>"; };
		CC844E79194496140018DD69 /* LSPrivateErrorDBViewController.h */ = {isa = PBXFileReference; fileEncoding = 4; lastKnownFileType = sourcecode.c.h; path = LSPrivateErrorDBViewController.h; sourceTree = "<group>"; };
		CC844E7A194496140018DD69 /* LSPrivateErrorDBViewController.m */ = {isa = PBXFileReference; fileEncoding = 4; lastKnownFileType = sourcecode.c.objc; path = LSPrivateErrorDBViewController.m; sourceTree = "<group>"; };
		CC8A46661940AA2B00B05E09 /* LSMsgDetailViewController.h */ = {isa = PBXFileReference; fileEncoding = 4; lastKnownFileType = sourcecode.c.h; path = LSMsgDetailViewController.h; sourceTree = "<group>"; };
		CC8A46671940AA2B00B05E09 /* LSMsgDetailViewController.m */ = {isa = PBXFileReference; fileEncoding = 4; lastKnownFileType = sourcecode.c.objc; path = LSMsgDetailViewController.m; sourceTree = "<group>"; };
		CC9A63321901529A00103000 /* back_button@2x.png */ = {isa = PBXFileReference; lastKnownFileType = image.png; path = "back_button@2x.png"; sourceTree = "<group>"; };
		CC9A63331901529A00103000 /* home_button@2x.png */ = {isa = PBXFileReference; lastKnownFileType = image.png; path = "home_button@2x.png"; sourceTree = "<group>"; };
		CC9A63341901529A00103000 /* index_a@2x.png */ = {isa = PBXFileReference; lastKnownFileType = image.png; path = "index_a@2x.png"; sourceTree = "<group>"; };
		CC9A63351901529A00103000 /* index_aa@2x.png */ = {isa = PBXFileReference; lastKnownFileType = image.png; path = "index_aa@2x.png"; sourceTree = "<group>"; };
		CC9A63361901529A00103000 /* index_b@2x.png */ = {isa = PBXFileReference; lastKnownFileType = image.png; path = "index_b@2x.png"; sourceTree = "<group>"; };
		CC9A63371901529A00103000 /* index_bb@2x.png */ = {isa = PBXFileReference; lastKnownFileType = image.png; path = "index_bb@2x.png"; sourceTree = "<group>"; };
		CC9A63381901529A00103000 /* index_c@2x.png */ = {isa = PBXFileReference; lastKnownFileType = image.png; path = "index_c@2x.png"; sourceTree = "<group>"; };
		CC9A63391901529A00103000 /* index_d@2x.png */ = {isa = PBXFileReference; lastKnownFileType = image.png; path = "index_d@2x.png"; sourceTree = "<group>"; };
		CC9A633A1901529A00103000 /* index_e@2x.png */ = {isa = PBXFileReference; lastKnownFileType = image.png; path = "index_e@2x.png"; sourceTree = "<group>"; };
		CC9A633B1901529A00103000 /* index_f@2x.png */ = {isa = PBXFileReference; lastKnownFileType = image.png; path = "index_f@2x.png"; sourceTree = "<group>"; };
		CC9A633C1901529A00103000 /* index_msg@2x.png */ = {isa = PBXFileReference; lastKnownFileType = image.png; path = "index_msg@2x.png"; sourceTree = "<group>"; };
		CC9A633D1901529A00103000 /* index_topr@2x.png */ = {isa = PBXFileReference; lastKnownFileType = image.png; path = "index_topr@2x.png"; sourceTree = "<group>"; };
		CCB3BA661902200C00CC1849 /* LSPrivateCenterViewController.h */ = {isa = PBXFileReference; fileEncoding = 4; lastKnownFileType = sourcecode.c.h; path = LSPrivateCenterViewController.h; sourceTree = "<group>"; };
		CCB3BA671902200C00CC1849 /* LSPrivateCenterViewController.m */ = {isa = PBXFileReference; fileEncoding = 4; lastKnownFileType = sourcecode.c.objc; path = LSPrivateCenterViewController.m; sourceTree = "<group>"; };
		CCB3BA6A190222F400CC1849 /* chongzhi@2x.png */ = {isa = PBXFileReference; lastKnownFileType = image.png; path = "chongzhi@2x.png"; sourceTree = "<group>"; };
		CCB3BA6B190222F400CC1849 /* default_header@2x.jpg */ = {isa = PBXFileReference; lastKnownFileType = image.jpeg; path = "default_header@2x.jpg"; sourceTree = "<group>"; };
		CCC0897C1907EBB900C9B9ED /* LSChoiceListViewController.h */ = {isa = PBXFileReference; fileEncoding = 4; lastKnownFileType = sourcecode.c.h; path = LSChoiceListViewController.h; sourceTree = "<group>"; };
		CCC0897D1907EBB900C9B9ED /* LSChoiceListViewController.m */ = {isa = PBXFileReference; fileEncoding = 4; lastKnownFileType = sourcecode.c.objc; path = LSChoiceListViewController.m; sourceTree = "<group>"; };
		CCC3D71C18F94A75009CC532 /* Marco.h */ = {isa = PBXFileReference; lastKnownFileType = sourcecode.c.h; path = Marco.h; sourceTree = "<group>"; };
		CCC3D72918F95209009CC532 /* LSMainViewController.h */ = {isa = PBXFileReference; fileEncoding = 4; lastKnownFileType = sourcecode.c.h; path = LSMainViewController.h; sourceTree = "<group>"; };
		CCC3D72A18F95209009CC532 /* LSMainViewController.m */ = {isa = PBXFileReference; fileEncoding = 4; lastKnownFileType = sourcecode.c.objc; path = LSMainViewController.m; sourceTree = "<group>"; };
		CCC3D72C18F98002009CC532 /* LSMainItemsView.h */ = {isa = PBXFileReference; fileEncoding = 4; lastKnownFileType = sourcecode.c.h; path = LSMainItemsView.h; sourceTree = "<group>"; };
		CCC3D72D18F98002009CC532 /* LSMainItemsView.m */ = {isa = PBXFileReference; fileEncoding = 4; lastKnownFileType = sourcecode.c.objc; path = LSMainItemsView.m; sourceTree = "<group>"; };
		CCCE5A3F190D33D10057FBFC /* LSCourseRecommendViewController.h */ = {isa = PBXFileReference; fileEncoding = 4; lastKnownFileType = sourcecode.c.h; path = LSCourseRecommendViewController.h; sourceTree = "<group>"; };
		CCCE5A40190D33D10057FBFC /* LSCourseRecommendViewController.m */ = {isa = PBXFileReference; fileEncoding = 4; lastKnownFileType = sourcecode.c.objc; path = LSCourseRecommendViewController.m; sourceTree = "<group>"; };
		CCCE5A43190D35A00057FBFC /* tabbg_off@2x.png */ = {isa = PBXFileReference; lastKnownFileType = image.png; path = "tabbg_off@2x.png"; sourceTree = "<group>"; };
		CCCE5A44190D35A00057FBFC /* tabbg_on@2x.png */ = {isa = PBXFileReference; lastKnownFileType = image.png; path = "tabbg_on@2x.png"; sourceTree = "<group>"; };
		CCCE5A4A190D47C40057FBFC /* LSTabBar.h */ = {isa = PBXFileReference; fileEncoding = 4; lastKnownFileType = sourcecode.c.h; path = LSTabBar.h; sourceTree = "<group>"; };
		CCCE5A4B190D47C40057FBFC /* LSTabBar.m */ = {isa = PBXFileReference; fileEncoding = 4; lastKnownFileType = sourcecode.c.objc; path = LSTabBar.m; sourceTree = "<group>"; };
		CCD00D0C1941FD990033637D /* LSSheetNotify.h */ = {isa = PBXFileReference; fileEncoding = 4; lastKnownFileType = sourcecode.c.h; path = LSSheetNotify.h; sourceTree = "<group>"; };
		CCD00D0D1941FD990033637D /* LSSheetNotify.m */ = {isa = PBXFileReference; fileEncoding = 4; lastKnownFileType = sourcecode.c.objc; path = LSSheetNotify.m; sourceTree = "<group>"; };
		CCD6AE1418F99D7B004D758F /* LSMainAdScrollView.h */ = {isa = PBXFileReference; fileEncoding = 4; lastKnownFileType = sourcecode.c.h; path = LSMainAdScrollView.h; sourceTree = "<group>"; };
		CCD6AE1518F99D7B004D758F /* LSMainAdScrollView.m */ = {isa = PBXFileReference; fileEncoding = 4; lastKnownFileType = sourcecode.c.objc; path = LSMainAdScrollView.m; sourceTree = "<group>"; };
		CCE619E3190401D40087B199 /* my_img_upload@2x.png */ = {isa = PBXFileReference; lastKnownFileType = image.png; path = "my_img_upload@2x.png"; sourceTree = "<group>"; };
		CCE619E4190401D40087B199 /* my_logout@2x.png */ = {isa = PBXFileReference; lastKnownFileType = image.png; path = "my_logout@2x.png"; sourceTree = "<group>"; };
		CCE619E7190402730087B199 /* LSPrivateInfoViewController.h */ = {isa = PBXFileReference; fileEncoding = 4; lastKnownFileType = sourcecode.c.h; path = LSPrivateInfoViewController.h; sourceTree = "<group>"; };
		CCE619E8190402730087B199 /* LSPrivateInfoViewController.m */ = {isa = PBXFileReference; fileEncoding = 4; lastKnownFileType = sourcecode.c.objc; path = LSPrivateInfoViewController.m; sourceTree = "<group>"; };
		E8B23067BA7A4A5CAA210325 /* libPods.a */ = {isa = PBXFileReference; explicitFileType = archive.ar; includeInIndex = 0; path = libPods.a; sourceTree = BUILT_PRODUCTS_DIR; };
/* End PBXFileReference section */

/* Begin PBXFrameworksBuildPhase section */
		CC49FFD118F93AA8007E83F4 /* Frameworks */ = {
			isa = PBXFrameworksBuildPhase;
			buildActionMask = 2147483647;
			files = (
				CC49FFDA18F93AA8007E83F4 /* CoreGraphics.framework in Frameworks */,
				CC49FFDC18F93AA8007E83F4 /* UIKit.framework in Frameworks */,
				CC49FFD818F93AA8007E83F4 /* Foundation.framework in Frameworks */,
				289C35AE8DEC43528B20CCDA /* libPods.a in Frameworks */,
			);
			runOnlyForDeploymentPostprocessing = 0;
		};
		CC49FFEC18F93AA8007E83F4 /* Frameworks */ = {
			isa = PBXFrameworksBuildPhase;
			buildActionMask = 2147483647;
			files = (
				CC49FFF118F93AA8007E83F4 /* XCTest.framework in Frameworks */,
				CC49FFF318F93AA8007E83F4 /* UIKit.framework in Frameworks */,
				CC49FFF218F93AA8007E83F4 /* Foundation.framework in Frameworks */,
			);
			runOnlyForDeploymentPostprocessing = 0;
		};
/* End PBXFrameworksBuildPhase section */

/* Begin PBXGroup section */
		278F1FBD1908E78A003C0725 /* DailyChoice */ = {
			isa = PBXGroup;
			children = (
				278F1FBE1908E78A003C0725 /* mj@2x.png */,
				278F1FBF1908E78A003C0725 /* topBar@2x.png */,
				271D2048191B843800B51CF2 /* m_add@2x.png */,
				271D2049191B843800B51CF2 /* m_fenxiang@2x.png */,
				271D204A191B843800B51CF2 /* m_ping@2x.png */,
				271D204B191B843800B51CF2 /* m_s@2x.png */,
				271D204C191B843800B51CF2 /* m_w@2x.png */,
				271D204D191B843800B51CF2 /* m_ww@2x.png */,
			);
			path = DailyChoice;
			sourceTree = "<group>";
		};
		CC49000618F93B0B007E83F4 /* Model */ = {
			isa = PBXGroup;
			children = (
				CCC3D71C18F94A75009CC532 /* Marco.h */,
				274B14BD1933365000F5EE0D /* LSUserManager.h */,
				274B14BE1933365000F5EE0D /* LSUserManager.m */,
				2753ED7418FA702000ED443F /* UIImage+Utility.h */,
				2753ED7518FA702000ED443F /* UIImage+Utility.m */,
				271A7117190A3A5B00E055BD /* NSString+Utility.h */,
				271A7118190A3A5B00E055BD /* NSString+Utility.m */,
			);
			path = Model;
			sourceTree = "<group>";
		};
		CC49000818F93B26007E83F4 /* View */ = {
			isa = PBXGroup;
			children = (
				CCC3D72318F9515D009CC532 /* Contest */,
				CCC3D72418F9515D009CC532 /* Course */,
				CCC3D72518F9515D009CC532 /* DailyChoice */,
				CCC3D72618F9515D009CC532 /* Main */,
				CCC3D72718F9515D009CC532 /* Practice */,
				CCC3D72818F9515D009CC532 /* Private */,
			);
			path = View;
			sourceTree = "<group>";
		};
		CC49000918F93B3A007E83F4 /* Controller */ = {
			isa = PBXGroup;
			children = (
				CCC3D71D18F95153009CC532 /* Contest */,
				CCC3D71E18F95153009CC532 /* Course */,
				CCC3D71F18F95153009CC532 /* DailyChoice */,
				CCC3D72018F95153009CC532 /* Main */,
				CCC3D72118F95153009CC532 /* Practice */,
				CCC3D72218F95153009CC532 /* Private */,
			);
			path = Controller;
			sourceTree = "<group>";
		};
		CC49000A18F93B98007E83F4 /* Resources */ = {
			isa = PBXGroup;
			children = (
				CCCE5A42190D35A00057FBFC /* Course */,
				278F1FBD1908E78A003C0725 /* DailyChoice */,
				CCB3BA69190222F400CC1849 /* Private */,
				CC9A63311901529A00103000 /* Main */,
			);
			path = Resources;
			sourceTree = "<group>";
		};
		CC49FFCB18F93AA8007E83F4 = {
			isa = PBXGroup;
			children = (
				CC49FFDD18F93AA8007E83F4 /* 金标尺 */,
				CC49FFF618F93AA8007E83F4 /* 金标尺Tests */,
				CC49FFD618F93AA8007E83F4 /* Frameworks */,
				CC49FFD518F93AA8007E83F4 /* Products */,
				CBFC92C476324DABBC89C00C /* Pods.xcconfig */,
			);
			sourceTree = "<group>";
		};
		CC49FFD518F93AA8007E83F4 /* Products */ = {
			isa = PBXGroup;
			children = (
				CC49FFD418F93AA8007E83F4 /* 金标尺.app */,
				CC49FFEF18F93AA8007E83F4 /* 金标尺Tests.xctest */,
			);
			name = Products;
			sourceTree = "<group>";
		};
		CC49FFD618F93AA8007E83F4 /* Frameworks */ = {
			isa = PBXGroup;
			children = (
				CC49FFD718F93AA8007E83F4 /* Foundation.framework */,
				CC49FFD918F93AA8007E83F4 /* CoreGraphics.framework */,
				CC49FFDB18F93AA8007E83F4 /* UIKit.framework */,
				CC49FFF018F93AA8007E83F4 /* XCTest.framework */,
				E8B23067BA7A4A5CAA210325 /* libPods.a */,
			);
			name = Frameworks;
			sourceTree = "<group>";
		};
		CC49FFDD18F93AA8007E83F4 /* 金标尺 */ = {
			isa = PBXGroup;
			children = (
				CC49000918F93B3A007E83F4 /* Controller */,
				CC49000818F93B26007E83F4 /* View */,
				CC49000618F93B0B007E83F4 /* Model */,
				CC49FFE618F93AA8007E83F4 /* LSAppDelegate.h */,
				CC49FFE718F93AA8007E83F4 /* LSAppDelegate.m */,
				CC49FFE918F93AA8007E83F4 /* Images.xcassets */,
				CC49FFDE18F93AA8007E83F4 /* Supporting Files */,
			);
			path = "金标尺";
			sourceTree = "<group>";
		};
		CC49FFDE18F93AA8007E83F4 /* Supporting Files */ = {
			isa = PBXGroup;
			children = (
				CC49000A18F93B98007E83F4 /* Resources */,
				CC49FFDF18F93AA8007E83F4 /* 金标尺-Info.plist */,
				CC49FFE018F93AA8007E83F4 /* InfoPlist.strings */,
				CC49FFE318F93AA8007E83F4 /* main.m */,
				CC49FFE518F93AA8007E83F4 /* 金标尺-Prefix.pch */,
			);
			name = "Supporting Files";
			sourceTree = "<group>";
		};
		CC49FFF618F93AA8007E83F4 /* 金标尺Tests */ = {
			isa = PBXGroup;
			children = (
				CC49FFFC18F93AA8007E83F4 /* ___Tests.m */,
				CC49FFF718F93AA8007E83F4 /* Supporting Files */,
			);
			path = "金标尺Tests";
			sourceTree = "<group>";
		};
		CC49FFF718F93AA8007E83F4 /* Supporting Files */ = {
			isa = PBXGroup;
			children = (
				CC49FFF818F93AA8007E83F4 /* 金标尺Tests-Info.plist */,
				CC49FFF918F93AA8007E83F4 /* InfoPlist.strings */,
			);
			name = "Supporting Files";
			sourceTree = "<group>";
		};
		CC9A63311901529A00103000 /* Main */ = {
			isa = PBXGroup;
			children = (
				CC9A63321901529A00103000 /* back_button@2x.png */,
				CC9A63331901529A00103000 /* home_button@2x.png */,
				CC9A63341901529A00103000 /* index_a@2x.png */,
				CC9A63351901529A00103000 /* index_aa@2x.png */,
				CC9A63361901529A00103000 /* index_b@2x.png */,
				CC9A63371901529A00103000 /* index_bb@2x.png */,
				CC9A63381901529A00103000 /* index_c@2x.png */,
				CC9A63391901529A00103000 /* index_d@2x.png */,
				CC9A633A1901529A00103000 /* index_e@2x.png */,
				CC9A633B1901529A00103000 /* index_f@2x.png */,
				CC9A633C1901529A00103000 /* index_msg@2x.png */,
				CC9A633D1901529A00103000 /* index_topr@2x.png */,
			);
			path = Main;
			sourceTree = "<group>";
		};
		CCB3BA69190222F400CC1849 /* Private */ = {
			isa = PBXGroup;
			children = (
				CCE619E3190401D40087B199 /* my_img_upload@2x.png */,
				CCE619E4190401D40087B199 /* my_logout@2x.png */,
				CCB3BA6A190222F400CC1849 /* chongzhi@2x.png */,
				CCB3BA6B190222F400CC1849 /* default_header@2x.jpg */,
				2773001A1906009C00D7C22C /* btn_red@2x.png */,
				2749DFF21934811300FE7A59 /* message_new@2x.png */,
			);
			path = Private;
			sourceTree = "<group>";
		};
		CCC3D71D18F95153009CC532 /* Contest */ = {
			isa = PBXGroup;
			children = (
			);
			path = Contest;
			sourceTree = "<group>";
		};
		CCC3D71E18F95153009CC532 /* Course */ = {
			isa = PBXGroup;
			children = (
				CC641D1A190699640073F8D5 /* LSCourseSelectMainViewController.h */,
				CC641D1B190699640073F8D5 /* LSCourseSelectMainViewController.m */,
				CCCE5A3F190D33D10057FBFC /* LSCourseRecommendViewController.h */,
				CCCE5A40190D33D10057FBFC /* LSCourseRecommendViewController.m */,
			);
			path = Course;
			sourceTree = "<group>";
		};
		CCC3D71F18F95153009CC532 /* DailyChoice */ = {
			isa = PBXGroup;
			children = (
				CCC0897C1907EBB900C9B9ED /* LSChoiceListViewController.h */,
				CCC0897D1907EBB900C9B9ED /* LSChoiceListViewController.m */,
				271A711A190A648700E055BD /* LSChoiceDetailViewController.h */,
				271A711B190A648700E055BD /* LSChoiceDetailViewController.m */,
			);
			path = DailyChoice;
			sourceTree = "<group>";
		};
		CCC3D72018F95153009CC532 /* Main */ = {
			isa = PBXGroup;
			children = (
				CCC3D72918F95209009CC532 /* LSMainViewController.h */,
				CCC3D72A18F95209009CC532 /* LSMainViewController.m */,
				2753ED7718FA828900ED443F /* LSLoginViewController.h */,
				2753ED7818FA828900ED443F /* LSLoginViewController.m */,
				27A8F84B18FB771900321F5A /* LSRegisterViewController.h */,
				27A8F84C18FB771900321F5A /* LSRegisterViewController.m */,
				CC4614B91905511D0082D96A /* LSMsgPushViewController.h */,
				CC4614BA1905511D0082D96A /* LSMsgPushViewController.m */,
				CC8A46661940AA2B00B05E09 /* LSMsgDetailViewController.h */,
				CC8A46671940AA2B00B05E09 /* LSMsgDetailViewController.m */,
			);
			path = Main;
			sourceTree = "<group>";
		};
		CCC3D72118F95153009CC532 /* Practice */ = {
			isa = PBXGroup;
			children = (
				C699B589193F2901005C79B1 /* LSPracticeViewController.h */,
				C699B58A193F2901005C79B1 /* LSPracticeViewController.m */,
				C62F1CD9193FFF140060A807 /* LSWrapPracticeViewController.h */,
				C62F1CDA193FFF140060A807 /* LSWrapPracticeViewController.m */,
				C62F1CDC194013C60060A807 /* LSWrapInfoViewController.h */,
				C62F1CDD194013C60060A807 /* LSWrapInfoViewController.m */,
				C62F1CDF19403AFF0060A807 /* LSCityViewController.h */,
				C62F1CE019403AFF0060A807 /* LSCityViewController.m */,
				C62F1CE219404D3D0060A807 /* LSFilterViewController.h */,
				C62F1CE319404D3D0060A807 /* LSFilterViewController.m */,
			);
			path = Practice;
			sourceTree = "<group>";
		};
		CCC3D72218F95153009CC532 /* Private */ = {
			isa = PBXGroup;
			children = (
				CCB3BA661902200C00CC1849 /* LSPrivateCenterViewController.h */,
				CCB3BA671902200C00CC1849 /* LSPrivateCenterViewController.m */,
				CC42B55E1902C9E400586176 /* LSPrivateChargeViewController.h */,
				CC42B55F1902C9E400586176 /* LSPrivateChargeViewController.m */,
				CCE619E7190402730087B199 /* LSPrivateInfoViewController.h */,
				CCE619E8190402730087B199 /* LSPrivateInfoViewController.m */,
				27810EC21935830E004F796B /* LSPrivateEditViewController.h */,
				27810EC31935830E004F796B /* LSPrivateEditViewController.m */,
				2760E2471904F1F1001F5205 /* LSPrivateSettingViewController.h */,
				2760E2481904F1F1001F5205 /* LSPrivateSettingViewController.m */,
				277300171905FDA600D7C22C /* LSPrivateCommentViewController.h */,
				277300181905FDA600D7C22C /* LSPrivateCommentViewController.m */,
				2773001C19060FFF00D7C22C /* LSPrivateCollectionViewController.h */,
				2773001D19060FFF00D7C22C /* LSPrivateCollectionViewController.m */,
				CC844E79194496140018DD69 /* LSPrivateErrorDBViewController.h */,
				CC844E7A194496140018DD69 /* LSPrivateErrorDBViewController.m */,
				CC844E761944409B0018DD69 /* LSPrivateFeedbackViewController.h */,
				CC844E771944409B0018DD69 /* LSPrivateFeedbackViewController.m */,
			);
			path = Private;
			sourceTree = "<group>";
		};
		CCC3D72318F9515D009CC532 /* Contest */ = {
			isa = PBXGroup;
			children = (
			);
			path = Contest;
			sourceTree = "<group>";
		};
		CCC3D72418F9515D009CC532 /* Course */ = {
			isa = PBXGroup;
			children = (
				CCCE5A4A190D47C40057FBFC /* LSTabBar.h */,
				CCCE5A4B190D47C40057FBFC /* LSTabBar.m */,
			);
			path = Course;
			sourceTree = "<group>";
		};
		CCC3D72518F9515D009CC532 /* DailyChoice */ = {
			isa = PBXGroup;
			children = (
				271D2045191B6FFA00B51CF2 /* LSImageButton.h */,
				271D2046191B6FFA00B51CF2 /* LSImageButton.m */,
			);
			path = DailyChoice;
			sourceTree = "<group>";
		};
		CCC3D72618F9515D009CC532 /* Main */ = {
			isa = PBXGroup;
			children = (
				CCC3D72C18F98002009CC532 /* LSMainItemsView.h */,
				CCC3D72D18F98002009CC532 /* LSMainItemsView.m */,
				CCD6AE1418F99D7B004D758F /* LSMainAdScrollView.h */,
				CCD6AE1518F99D7B004D758F /* LSMainAdScrollView.m */,
			);
			path = Main;
			sourceTree = "<group>";
		};
		CCC3D72718F9515D009CC532 /* Practice */ = {
			isa = PBXGroup;
			children = (
			);
			path = Practice;
			sourceTree = "<group>";
		};
		CCC3D72818F9515D009CC532 /* Private */ = {
			isa = PBXGroup;
			children = (
				CCD00D0C1941FD990033637D /* LSSheetNotify.h */,
				CCD00D0D1941FD990033637D /* LSSheetNotify.m */,
			);
			path = Private;
			sourceTree = "<group>";
		};
		CCCE5A42190D35A00057FBFC /* Course */ = {
			isa = PBXGroup;
			children = (
				CCCE5A43190D35A00057FBFC /* tabbg_off@2x.png */,
				CCCE5A44190D35A00057FBFC /* tabbg_on@2x.png */,
			);
			path = Course;
			sourceTree = "<group>";
		};
/* End PBXGroup section */

/* Begin PBXNativeTarget section */
		CC49FFD318F93AA8007E83F4 /* 金标尺 */ = {
			isa = PBXNativeTarget;
			buildConfigurationList = CC49000018F93AA8007E83F4 /* Build configuration list for PBXNativeTarget "金标尺" */;
			buildPhases = (
				E2EF4B9C06EC412881557674 /* Check Pods Manifest.lock */,
				CC49FFD018F93AA8007E83F4 /* Sources */,
				CC49FFD118F93AA8007E83F4 /* Frameworks */,
				CC49FFD218F93AA8007E83F4 /* Resources */,
				8B3C4A388EC2403FB18E629B /* Copy Pods Resources */,
			);
			buildRules = (
			);
			dependencies = (
			);
			name = "金标尺";
			productName = "金标尺";
			productReference = CC49FFD418F93AA8007E83F4 /* 金标尺.app */;
			productType = "com.apple.product-type.application";
		};
		CC49FFEE18F93AA8007E83F4 /* 金标尺Tests */ = {
			isa = PBXNativeTarget;
			buildConfigurationList = CC49000318F93AA8007E83F4 /* Build configuration list for PBXNativeTarget "金标尺Tests" */;
			buildPhases = (
				CC49FFEB18F93AA8007E83F4 /* Sources */,
				CC49FFEC18F93AA8007E83F4 /* Frameworks */,
				CC49FFED18F93AA8007E83F4 /* Resources */,
			);
			buildRules = (
			);
			dependencies = (
				CC49FFF518F93AA8007E83F4 /* PBXTargetDependency */,
			);
			name = "金标尺Tests";
			productName = "金标尺Tests";
			productReference = CC49FFEF18F93AA8007E83F4 /* 金标尺Tests.xctest */;
			productType = "com.apple.product-type.bundle.unit-test";
		};
/* End PBXNativeTarget section */

/* Begin PBXProject section */
		CC49FFCC18F93AA8007E83F4 /* Project object */ = {
			isa = PBXProject;
			attributes = {
				CLASSPREFIX = LS;
				LastUpgradeCheck = 0510;
				ORGANIZATIONNAME = "Jiao Liu";
				TargetAttributes = {
					CC49FFEE18F93AA8007E83F4 = {
						TestTargetID = CC49FFD318F93AA8007E83F4;
					};
				};
			};
			buildConfigurationList = CC49FFCF18F93AA8007E83F4 /* Build configuration list for PBXProject "金标尺" */;
			compatibilityVersion = "Xcode 3.2";
			developmentRegion = English;
			hasScannedForEncodings = 0;
			knownRegions = (
				en,
			);
			mainGroup = CC49FFCB18F93AA8007E83F4;
			productRefGroup = CC49FFD518F93AA8007E83F4 /* Products */;
			projectDirPath = "";
			projectRoot = "";
			targets = (
				CC49FFD318F93AA8007E83F4 /* 金标尺 */,
				CC49FFEE18F93AA8007E83F4 /* 金标尺Tests */,
			);
		};
/* End PBXProject section */

/* Begin PBXResourcesBuildPhase section */
		CC49FFD218F93AA8007E83F4 /* Resources */ = {
			isa = PBXResourcesBuildPhase;
			buildActionMask = 2147483647;
			files = (
				CC9A63441901529A00103000 /* index_c@2x.png in Resources */,
				CC49FFE218F93AA8007E83F4 /* InfoPlist.strings in Resources */,
				CC9A63461901529A00103000 /* index_e@2x.png in Resources */,
				271D204F191B843800B51CF2 /* m_fenxiang@2x.png in Resources */,
				CC9A63411901529A00103000 /* index_aa@2x.png in Resources */,
				CC9A63481901529A00103000 /* index_msg@2x.png in Resources */,
				CCCE5A45190D35A00057FBFC /* tabbg_off@2x.png in Resources */,
				271D204E191B843800B51CF2 /* m_add@2x.png in Resources */,
				CC49FFEA18F93AA8007E83F4 /* Images.xcassets in Resources */,
				2749DFF31934811300FE7A59 /* message_new@2x.png in Resources */,
				CC9A633E1901529A00103000 /* back_button@2x.png in Resources */,
				CC9A633F1901529A00103000 /* home_button@2x.png in Resources */,
				CC9A63491901529A00103000 /* index_topr@2x.png in Resources */,
				2773001B1906009C00D7C22C /* btn_red@2x.png in Resources */,
				CCB3BA6C190222F400CC1849 /* chongzhi@2x.png in Resources */,
				CC9A63451901529A00103000 /* index_d@2x.png in Resources */,
				CCE619E5190401D40087B199 /* my_img_upload@2x.png in Resources */,
				CCCE5A46190D35A00057FBFC /* tabbg_on@2x.png in Resources */,
				278F1FC01908E78A003C0725 /* mj@2x.png in Resources */,
				278F1FC11908E78A003C0725 /* topBar@2x.png in Resources */,
				CCB3BA6D190222F400CC1849 /* default_header@2x.jpg in Resources */,
				271D2050191B843800B51CF2 /* m_ping@2x.png in Resources */,
				CC9A63471901529A00103000 /* index_f@2x.png in Resources */,
				271D2051191B843800B51CF2 /* m_s@2x.png in Resources */,
				CC9A63401901529A00103000 /* index_a@2x.png in Resources */,
				CC9A63421901529A00103000 /* index_b@2x.png in Resources */,
				CCE619E6190401D40087B199 /* my_logout@2x.png in Resources */,
				271D2052191B843800B51CF2 /* m_w@2x.png in Resources */,
				CC9A63431901529A00103000 /* index_bb@2x.png in Resources */,
				271D2053191B843800B51CF2 /* m_ww@2x.png in Resources */,
			);
			runOnlyForDeploymentPostprocessing = 0;
		};
		CC49FFED18F93AA8007E83F4 /* Resources */ = {
			isa = PBXResourcesBuildPhase;
			buildActionMask = 2147483647;
			files = (
				CC49FFFB18F93AA8007E83F4 /* InfoPlist.strings in Resources */,
			);
			runOnlyForDeploymentPostprocessing = 0;
		};
/* End PBXResourcesBuildPhase section */

/* Begin PBXShellScriptBuildPhase section */
		8B3C4A388EC2403FB18E629B /* Copy Pods Resources */ = {
			isa = PBXShellScriptBuildPhase;
			buildActionMask = 2147483647;
			files = (
			);
			inputPaths = (
			);
			name = "Copy Pods Resources";
			outputPaths = (
			);
			runOnlyForDeploymentPostprocessing = 0;
			shellPath = /bin/sh;
			shellScript = "\"${SRCROOT}/Pods/Pods-resources.sh\"\n";
			showEnvVarsInLog = 0;
		};
		E2EF4B9C06EC412881557674 /* Check Pods Manifest.lock */ = {
			isa = PBXShellScriptBuildPhase;
			buildActionMask = 2147483647;
			files = (
			);
			inputPaths = (
			);
			name = "Check Pods Manifest.lock";
			outputPaths = (
			);
			runOnlyForDeploymentPostprocessing = 0;
			shellPath = /bin/sh;
			shellScript = "diff \"${PODS_ROOT}/../Podfile.lock\" \"${PODS_ROOT}/Manifest.lock\" > /dev/null\nif [[ $? != 0 ]] ; then\n    cat << EOM\nerror: The sandbox is not in sync with the Podfile.lock. Run 'pod install' or update your CocoaPods installation.\nEOM\n    exit 1\nfi\n";
			showEnvVarsInLog = 0;
		};
/* End PBXShellScriptBuildPhase section */

/* Begin PBXSourcesBuildPhase section */
		CC49FFD018F93AA8007E83F4 /* Sources */ = {
			isa = PBXSourcesBuildPhase;
			buildActionMask = 2147483647;
			files = (
				277300191905FDA600D7C22C /* LSPrivateCommentViewController.m in Sources */,
				2760E2491904F1F1001F5205 /* LSPrivateSettingViewController.m in Sources */,
				271D2047191B6FFA00B51CF2 /* LSImageButton.m in Sources */,
				27A8F84D18FB771900321F5A /* LSRegisterViewController.m in Sources */,
				C62F1CDB193FFF140060A807 /* LSWrapPracticeViewController.m in Sources */,
				CCB3BA681902200C00CC1849 /* LSPrivateCenterViewController.m in Sources */,
				271A711C190A648700E055BD /* LSChoiceDetailViewController.m in Sources */,
				CC844E7B194496140018DD69 /* LSPrivateErrorDBViewController.m in Sources */,
				CC4614BB1905511D0082D96A /* LSMsgPushViewController.m in Sources */,
				27810EC41935830E004F796B /* LSPrivateEditViewController.m in Sources */,
				CC641D1C190699640073F8D5 /* LSCourseSelectMainViewController.m in Sources */,
				CCD00D0E1941FD990033637D /* LSSheetNotify.m in Sources */,
				CCC0897E1907EBB900C9B9ED /* LSChoiceListViewController.m in Sources */,
				CCD6AE1618F99D7B004D758F /* LSMainAdScrollView.m in Sources */,
				C62F1CE119403AFF0060A807 /* LSCityViewController.m in Sources */,
				CC844E781944409B0018DD69 /* LSPrivateFeedbackViewController.m in Sources */,
				CCC3D72B18F95209009CC532 /* LSMainViewController.m in Sources */,
				2753ED7918FA828900ED443F /* LSLoginViewController.m in Sources */,
				CCCE5A41190D33D10057FBFC /* LSCourseRecommendViewController.m in Sources */,
				C62F1CDE194013C60060A807 /* LSWrapInfoViewController.m in Sources */,
				C699B58B193F2901005C79B1 /* LSPracticeViewController.m in Sources */,
				271A7119190A3A5B00E055BD /* NSString+Utility.m in Sources */,
				CCE619E9190402730087B199 /* LSPrivateInfoViewController.m in Sources */,
				CCC3D72E18F98002009CC532 /* LSMainItemsView.m in Sources */,
				CC49FFE418F93AA8007E83F4 /* main.m in Sources */,
				CC42B5601902C9E400586176 /* LSPrivateChargeViewController.m in Sources */,
				2773001E19060FFF00D7C22C /* LSPrivateCollectionViewController.m in Sources */,
				CC8A46681940AA2B00B05E09 /* LSMsgDetailViewController.m in Sources */,
				274B14BF1933365000F5EE0D /* LSUserManager.m in Sources */,
				2753ED7618FA702000ED443F /* UIImage+Utility.m in Sources */,
				C62F1CE419404D3D0060A807 /* LSFilterViewController.m in Sources */,
				CCCE5A4C190D47C40057FBFC /* LSTabBar.m in Sources */,
				CC49FFE818F93AA8007E83F4 /* LSAppDelegate.m in Sources */,
			);
			runOnlyForDeploymentPostprocessing = 0;
		};
		CC49FFEB18F93AA8007E83F4 /* Sources */ = {
			isa = PBXSourcesBuildPhase;
			buildActionMask = 2147483647;
			files = (
				CC49FFFD18F93AA8007E83F4 /* ___Tests.m in Sources */,
			);
			runOnlyForDeploymentPostprocessing = 0;
		};
/* End PBXSourcesBuildPhase section */

/* Begin PBXTargetDependency section */
		CC49FFF518F93AA8007E83F4 /* PBXTargetDependency */ = {
			isa = PBXTargetDependency;
			target = CC49FFD318F93AA8007E83F4 /* 金标尺 */;
			targetProxy = CC49FFF418F93AA8007E83F4 /* PBXContainerItemProxy */;
		};
/* End PBXTargetDependency section */

/* Begin PBXVariantGroup section */
		CC49FFE018F93AA8007E83F4 /* InfoPlist.strings */ = {
			isa = PBXVariantGroup;
			children = (
				CC49FFE118F93AA8007E83F4 /* en */,
			);
			name = InfoPlist.strings;
			sourceTree = "<group>";
		};
		CC49FFF918F93AA8007E83F4 /* InfoPlist.strings */ = {
			isa = PBXVariantGroup;
			children = (
				CC49FFFA18F93AA8007E83F4 /* en */,
			);
			name = InfoPlist.strings;
			sourceTree = "<group>";
		};
/* End PBXVariantGroup section */

/* Begin XCBuildConfiguration section */
		CC49000118F93AA8007E83F4 /* Debug */ = {
			isa = XCBuildConfiguration;
			baseConfigurationReference = CBFC92C476324DABBC89C00C /* Pods.xcconfig */;
			buildSettings = {
				ASSETCATALOG_COMPILER_APPICON_NAME = AppIcon;
				ASSETCATALOG_COMPILER_LAUNCHIMAGE_NAME = LaunchImage;
				GCC_PRECOMPILE_PREFIX_HEADER = YES;
				GCC_PREFIX_HEADER = "金标尺/金标尺-Prefix.pch";
				INFOPLIST_FILE = "金标尺/金标尺-Info.plist";
				IPHONEOS_DEPLOYMENT_TARGET = 6.1;
				PRODUCT_NAME = "$(TARGET_NAME)";
				WRAPPER_EXTENSION = app;
			};
			name = Debug;
		};
		CC49000218F93AA8007E83F4 /* Release */ = {
			isa = XCBuildConfiguration;
			baseConfigurationReference = CBFC92C476324DABBC89C00C /* Pods.xcconfig */;
			buildSettings = {
				ASSETCATALOG_COMPILER_APPICON_NAME = AppIcon;
				ASSETCATALOG_COMPILER_LAUNCHIMAGE_NAME = LaunchImage;
				GCC_PRECOMPILE_PREFIX_HEADER = YES;
				GCC_PREFIX_HEADER = "金标尺/金标尺-Prefix.pch";
				INFOPLIST_FILE = "金标尺/金标尺-Info.plist";
				IPHONEOS_DEPLOYMENT_TARGET = 6.1;
				PRODUCT_NAME = "$(TARGET_NAME)";
				WRAPPER_EXTENSION = app;
			};
			name = Release;
		};
		CC49000418F93AA8007E83F4 /* Debug */ = {
			isa = XCBuildConfiguration;
			buildSettings = {
				BUNDLE_LOADER = "$(BUILT_PRODUCTS_DIR)/金标尺.app/金标尺";
				FRAMEWORK_SEARCH_PATHS = (
					"$(SDKROOT)/Developer/Library/Frameworks",
					"$(inherited)",
					"$(DEVELOPER_FRAMEWORKS_DIR)",
				);
				GCC_PRECOMPILE_PREFIX_HEADER = YES;
				GCC_PREFIX_HEADER = "金标尺/金标尺-Prefix.pch";
				GCC_PREPROCESSOR_DEFINITIONS = (
					"DEBUG=1",
					"$(inherited)",
				);
				INFOPLIST_FILE = "金标尺Tests/金标尺Tests-Info.plist";
				PRODUCT_NAME = "$(TARGET_NAME)";
				TEST_HOST = "$(BUNDLE_LOADER)";
				WRAPPER_EXTENSION = xctest;
			};
			name = Debug;
		};
		CC49000518F93AA8007E83F4 /* Release */ = {
			isa = XCBuildConfiguration;
			buildSettings = {
				BUNDLE_LOADER = "$(BUILT_PRODUCTS_DIR)/金标尺.app/金标尺";
				FRAMEWORK_SEARCH_PATHS = (
					"$(SDKROOT)/Developer/Library/Frameworks",
					"$(inherited)",
					"$(DEVELOPER_FRAMEWORKS_DIR)",
				);
				GCC_PRECOMPILE_PREFIX_HEADER = YES;
				GCC_PREFIX_HEADER = "金标尺/金标尺-Prefix.pch";
				INFOPLIST_FILE = "金标尺Tests/金标尺Tests-Info.plist";
				PRODUCT_NAME = "$(TARGET_NAME)";
				TEST_HOST = "$(BUNDLE_LOADER)";
				WRAPPER_EXTENSION = xctest;
			};
			name = Release;
		};
		CC49FFFE18F93AA8007E83F4 /* Debug */ = {
			isa = XCBuildConfiguration;
			buildSettings = {
				ALWAYS_SEARCH_USER_PATHS = NO;
				CLANG_CXX_LANGUAGE_STANDARD = "gnu++0x";
				CLANG_CXX_LIBRARY = "libc++";
				CLANG_ENABLE_MODULES = YES;
				CLANG_ENABLE_OBJC_ARC = YES;
				CLANG_WARN_BOOL_CONVERSION = YES;
				CLANG_WARN_CONSTANT_CONVERSION = YES;
				CLANG_WARN_DIRECT_OBJC_ISA_USAGE = YES_ERROR;
				CLANG_WARN_EMPTY_BODY = YES;
				CLANG_WARN_ENUM_CONVERSION = YES;
				CLANG_WARN_INT_CONVERSION = YES;
				CLANG_WARN_OBJC_ROOT_CLASS = YES_ERROR;
				CLANG_WARN__DUPLICATE_METHOD_MATCH = YES;
				"CODE_SIGN_IDENTITY[sdk=iphoneos*]" = "iPhone Developer";
				COPY_PHASE_STRIP = NO;
				GCC_C_LANGUAGE_STANDARD = gnu99;
				GCC_DYNAMIC_NO_PIC = NO;
				GCC_OPTIMIZATION_LEVEL = 0;
				GCC_PREPROCESSOR_DEFINITIONS = (
					"DEBUG=1",
					"$(inherited)",
				);
				GCC_SYMBOLS_PRIVATE_EXTERN = NO;
				GCC_WARN_64_TO_32_BIT_CONVERSION = YES;
				GCC_WARN_ABOUT_RETURN_TYPE = YES_ERROR;
				GCC_WARN_UNDECLARED_SELECTOR = YES;
				GCC_WARN_UNINITIALIZED_AUTOS = YES_AGGRESSIVE;
				GCC_WARN_UNUSED_FUNCTION = YES;
				GCC_WARN_UNUSED_VARIABLE = YES;
				IPHONEOS_DEPLOYMENT_TARGET = 7.1;
				ONLY_ACTIVE_ARCH = YES;
				SDKROOT = iphoneos;
			};
			name = Debug;
		};
		CC49FFFF18F93AA8007E83F4 /* Release */ = {
			isa = XCBuildConfiguration;
			buildSettings = {
				ALWAYS_SEARCH_USER_PATHS = NO;
				CLANG_CXX_LANGUAGE_STANDARD = "gnu++0x";
				CLANG_CXX_LIBRARY = "libc++";
				CLANG_ENABLE_MODULES = YES;
				CLANG_ENABLE_OBJC_ARC = YES;
				CLANG_WARN_BOOL_CONVERSION = YES;
				CLANG_WARN_CONSTANT_CONVERSION = YES;
				CLANG_WARN_DIRECT_OBJC_ISA_USAGE = YES_ERROR;
				CLANG_WARN_EMPTY_BODY = YES;
				CLANG_WARN_ENUM_CONVERSION = YES;
				CLANG_WARN_INT_CONVERSION = YES;
				CLANG_WARN_OBJC_ROOT_CLASS = YES_ERROR;
				CLANG_WARN__DUPLICATE_METHOD_MATCH = YES;
				"CODE_SIGN_IDENTITY[sdk=iphoneos*]" = "iPhone Developer";
				COPY_PHASE_STRIP = YES;
				ENABLE_NS_ASSERTIONS = NO;
				GCC_C_LANGUAGE_STANDARD = gnu99;
				GCC_WARN_64_TO_32_BIT_CONVERSION = YES;
				GCC_WARN_ABOUT_RETURN_TYPE = YES_ERROR;
				GCC_WARN_UNDECLARED_SELECTOR = YES;
				GCC_WARN_UNINITIALIZED_AUTOS = YES_AGGRESSIVE;
				GCC_WARN_UNUSED_FUNCTION = YES;
				GCC_WARN_UNUSED_VARIABLE = YES;
				IPHONEOS_DEPLOYMENT_TARGET = 7.1;
				SDKROOT = iphoneos;
				VALIDATE_PRODUCT = YES;
			};
			name = Release;
		};
/* End XCBuildConfiguration section */

/* Begin XCConfigurationList section */
		CC49000018F93AA8007E83F4 /* Build configuration list for PBXNativeTarget "金标尺" */ = {
			isa = XCConfigurationList;
			buildConfigurations = (
				CC49000118F93AA8007E83F4 /* Debug */,
				CC49000218F93AA8007E83F4 /* Release */,
			);
			defaultConfigurationIsVisible = 0;
			defaultConfigurationName = Release;
		};
		CC49000318F93AA8007E83F4 /* Build configuration list for PBXNativeTarget "金标尺Tests" */ = {
			isa = XCConfigurationList;
			buildConfigurations = (
				CC49000418F93AA8007E83F4 /* Debug */,
				CC49000518F93AA8007E83F4 /* Release */,
			);
			defaultConfigurationIsVisible = 0;
			defaultConfigurationName = Release;
		};
		CC49FFCF18F93AA8007E83F4 /* Build configuration list for PBXProject "金标尺" */ = {
			isa = XCConfigurationList;
			buildConfigurations = (
				CC49FFFE18F93AA8007E83F4 /* Debug */,
				CC49FFFF18F93AA8007E83F4 /* Release */,
			);
			defaultConfigurationIsVisible = 0;
			defaultConfigurationName = Release;
		};
/* End XCConfigurationList section */
	};
	rootObject = CC49FFCC18F93AA8007E83F4 /* Project object */;
}
